# THIS IS AN AUTOGENERATED FILE. DO NOT EDIT THIS FILE DIRECTLY.
# yarn lockfile v1


"@nodelib/fs.scandir@2.1.5":
  version "2.1.5"
  resolved "https://registry.yarnpkg.com/@nodelib/fs.scandir/-/fs.scandir-2.1.5.tgz#7619c2eb21b25483f6d167548b4cfd5a7488c3d5"
  integrity sha512-vq24Bq3ym5HEQm2NKCr3yXDwjc7vTsEThRDnkp2DK9p1uqLR+DHurm/NOTo0KG7HYHU7eppKZj3MyqYuMBf62g==
  dependencies:
    "@nodelib/fs.stat" "2.0.5"
    run-parallel "^1.1.9"

"@nodelib/fs.stat@2.0.5", "@nodelib/fs.stat@^2.0.2":
  version "2.0.5"
  resolved "https://registry.yarnpkg.com/@nodelib/fs.stat/-/fs.stat-2.0.5.tgz#5bd262af94e9d25bd1e71b05deed44876a222e8b"
  integrity sha512-RkhPPp2zrqDAQA/2jNhnztcPAlv64XdhIp7a7454A5ovI7Bukxgt7MX7udwAu3zg1DcpPU0rz3VV1SeaqvY4+A==

"@nodelib/fs.walk@^1.2.3":
  version "1.2.8"
  resolved "https://registry.yarnpkg.com/@nodelib/fs.walk/-/fs.walk-1.2.8.tgz#e95737e8bb6746ddedf69c556953494f196fe69a"
  integrity sha512-oGB+UxlgWcgQkgwo8GcEGwemoTFt3FIO9ababBmaGwXIoBKZ+GTy0pP185beGg7Llih/NSHSV2XAs1lnznocSg==
  dependencies:
    "@nodelib/fs.scandir" "2.1.5"
    fastq "^1.6.0"

"@swc/cli@^0.1.57":
  version "0.1.57"
  resolved "https://registry.yarnpkg.com/@swc/cli/-/cli-0.1.57.tgz#a9c424de5a217ec20a4b7c2c0e5c343980537e83"
  integrity sha512-HxM8TqYHhAg+zp7+RdTU69bnkl4MWdt1ygyp6BDIPjTiaJVH6Dizn2ezbgDS8mnFZI1FyhKvxU/bbaUs8XhzQg==
  dependencies:
    commander "^7.1.0"
    fast-glob "^3.2.5"
    slash "3.0.0"
    source-map "^0.7.3"

"@swc/core-android-arm-eabi@1.2.168":
  version "1.2.168"
  resolved "https://registry.yarnpkg.com/@swc/core-android-arm-eabi/-/core-android-arm-eabi-1.2.168.tgz#c5f06b41c9916e1dcff72ba44dd642f79663b79d"
  integrity sha512-RjjudVdJxm1KoNrbFxQIppJQjB1mzMYKW6+HYKVl8ktc7i/mnjwcl0cXVBWGbw1xsRWbTjHMHPs/kJ3hOESoeg==

"@swc/core-android-arm64@1.2.168":
  version "1.2.168"
  resolved "https://registry.yarnpkg.com/@swc/core-android-arm64/-/core-android-arm64-1.2.168.tgz#c8ebe58b94ae0472c92ccff3bbf672268455d048"
  integrity sha512-K83gxb578LJid4GI047oSdaK90REnaXfXa+f+DT3Ud5hKFDrF7zkpyF6oxfHJGTl9LCUMXhijwg8aRXaFZFqWQ==

"@swc/core-darwin-arm64@1.2.168":
  version "1.2.168"
  resolved "https://registry.yarnpkg.com/@swc/core-darwin-arm64/-/core-darwin-arm64-1.2.168.tgz#4dedaadc5ce853167bd911c3881cb96dee56f300"
  integrity sha512-/kciTqYbEryg3e2C+/Twpww7LBc+zaF7yhz2AmxOrA7nQKuUNHA3Q/Y4sXthSXD2BLqPABJETbRmfmumNi8gQA==

"@swc/core-darwin-x64@1.2.168":
  version "1.2.168"
  resolved "https://registry.yarnpkg.com/@swc/core-darwin-x64/-/core-darwin-x64-1.2.168.tgz#589fb258c4743f8adfaae15510b71aa5103089a4"
  integrity sha512-PbciVgB24OX6QCUmJmkD2hfZQh9LostC89vALfasUwT/wj3rHeg2SD2rvoPlIf0lYZjUPNfpbhDoxkUeEt+SEg==

"@swc/core-freebsd-x64@1.2.168":
  version "1.2.168"
  resolved "https://registry.yarnpkg.com/@swc/core-freebsd-x64/-/core-freebsd-x64-1.2.168.tgz#5b6a99d9e5789461f72b65d353a8f559e4ac0ba8"
  integrity sha512-lp3lNrjF2vNSOtsRFVRDs0EBpwoXQSD0MeZugX9EwHbHXavPlY+Kmo6cNqHfdrxIVOoVOYMlqQn+kO3/4mwYAQ==

"@swc/core-linux-arm-gnueabihf@1.2.168":
  version "1.2.168"
  resolved "https://registry.yarnpkg.com/@swc/core-linux-arm-gnueabihf/-/core-linux-arm-gnueabihf-1.2.168.tgz#f52db200702925a12ebf45cb36c6e64619e07e3d"
  integrity sha512-TVYXoITQTCPOthHXhmBHFR77mXKE3tGN8CRAHtFYC0mUb42LY5nUQ8yc6peNpcvSqAUzK9K079koDltWIDfWKw==

"@swc/core-linux-arm64-gnu@1.2.168":
  version "1.2.168"
  resolved "https://registry.yarnpkg.com/@swc/core-linux-arm64-gnu/-/core-linux-arm64-gnu-1.2.168.tgz#3f7bc4b769396c13f4529331f0f2f8d6f512a675"
  integrity sha512-Xw7Vj/4EJA5V8kQ5cziUbj3qZQSt8n5Pr2TnFCZ3NkCL8og2JYf2N1mOTAI+PIknaDqh1boz+k9xEs1araQ2lA==

"@swc/core-linux-arm64-musl@1.2.168":
  version "1.2.168"
  resolved "https://registry.yarnpkg.com/@swc/core-linux-arm64-musl/-/core-linux-arm64-musl-1.2.168.tgz#c1cab1955da332e7af4f7344cdad57cc08805d2d"
  integrity sha512-71HHYhyNxpv1Maiqv/U5cHFMitU3MP2TN77vTi5ifPw+6H7A3fG86aqE8zr7YEGsSmOzgQUrMMblqvwe52IrlQ==

"@swc/core-linux-x64-gnu@1.2.168":
  version "1.2.168"
  resolved "https://registry.yarnpkg.com/@swc/core-linux-x64-gnu/-/core-linux-x64-gnu-1.2.168.tgz#c68eefab5055e864663cfcc60c5142cc06369c00"
  integrity sha512-kEP3VN6Seoz73Fyu+80qkKtIURl/FvlT6NNju55uTMqeeiF3su0CRC60A2/IWHwAZ8sjlorgcXQeaiNTyJmWBQ==

"@swc/core-linux-x64-musl@1.2.168":
  version "1.2.168"
  resolved "https://registry.yarnpkg.com/@swc/core-linux-x64-musl/-/core-linux-x64-musl-1.2.168.tgz#d7eb458c1d89c6167a6cfa30a6996cc31715f5db"
  integrity sha512-IEDB4T5KyUB0BEdIsSJuFm1CV9Y1wIEG15870J0dONkvO1iv5lqWZ7GwA52w/YaI61iNC8+cZYWqfwr4MWj1EQ==

"@swc/core-win32-arm64-msvc@1.2.168":
  version "1.2.168"
  resolved "https://registry.yarnpkg.com/@swc/core-win32-arm64-msvc/-/core-win32-arm64-msvc-1.2.168.tgz#390b20b7933508cf43c77784ed359fe8626c39cd"
  integrity sha512-cBiYhBdrW+GdfKJdNhIE/7Pw+45Kn7SKZ78TPc/0ibGXDdx2IkuDhO7x1eZy0eLlS+Br6OLUs9FkgbcMrpZAGw==

"@swc/core-win32-ia32-msvc@1.2.168":
  version "1.2.168"
  resolved "https://registry.yarnpkg.com/@swc/core-win32-ia32-msvc/-/core-win32-ia32-msvc-1.2.168.tgz#3ed63ee6e1be5145e7265d3f3b84886454418cfc"
  integrity sha512-ShbX43+hFqDWLU4R8FnDFIPXR8OzC0zBwJBj8QPV3YmeoQD+wyA7NGBccm/8UbnEY5uE2t7P4Pz8891d6TW3Ww==

"@swc/core-win32-x64-msvc@1.2.168":
  version "1.2.168"
  resolved "https://registry.yarnpkg.com/@swc/core-win32-x64-msvc/-/core-win32-x64-msvc-1.2.168.tgz#2a7b1a13cf15247690857a3f3e7fbca77f30078d"
  integrity sha512-e+SPSiBHSlAI4+RM+Fcz8HVqpHQaGFiDL4b8LwguVgRdoDVeJAjamw53r2UJ23X++9PXamT3rhzPs5XEH0PQhg==

"@swc/core@^1.2.165":
  version "1.2.168"
  resolved "https://registry.yarnpkg.com/@swc/core/-/core-1.2.168.tgz#e641b5bfb2a8775fcc938324eeb113abf93fbee3"
  integrity sha512-O/PzeeSBqNQcpT/+62AGjXJ/TGQ2/jAkJc5aRtT/SyvwA/wQ+gSMOGc3mdFobD7SvgnXX+oS4/I/es84HhrhUA==
  optionalDependencies:
    "@swc/core-android-arm-eabi" "1.2.168"
    "@swc/core-android-arm64" "1.2.168"
    "@swc/core-darwin-arm64" "1.2.168"
    "@swc/core-darwin-x64" "1.2.168"
    "@swc/core-freebsd-x64" "1.2.168"
    "@swc/core-linux-arm-gnueabihf" "1.2.168"
    "@swc/core-linux-arm64-gnu" "1.2.168"
    "@swc/core-linux-arm64-musl" "1.2.168"
    "@swc/core-linux-x64-gnu" "1.2.168"
    "@swc/core-linux-x64-musl" "1.2.168"
    "@swc/core-win32-arm64-msvc" "1.2.168"
    "@swc/core-win32-ia32-msvc" "1.2.168"
    "@swc/core-win32-x64-msvc" "1.2.168"

braces@^3.0.2:
  version "3.0.2"
  resolved "https://registry.yarnpkg.com/braces/-/braces-3.0.2.tgz#3454e1a462ee8d599e236df336cd9ea4f8afe107"
  integrity sha512-b8um+L1RzM3WDSzvhm6gIz1yfTbBt6YTlcEKAvsmqCZZFw46z626lVj9j1yEPW33H5H+lBQpZMP1k8l+78Ha0A==
  dependencies:
    fill-range "^7.0.1"

commander@^7.1.0:
  version "7.2.0"
  resolved "https://registry.yarnpkg.com/commander/-/commander-7.2.0.tgz#a36cb57d0b501ce108e4d20559a150a391d97ab7"
  integrity sha512-QrWXB+ZQSVPmIWIhtEO9H+gwHaMGYiF5ChvoJ+K9ZGHG/sVsa6yiesAD1GC/x46sET00Xlwo1u49RVVVzvcSkw==

fast-glob@^3.2.5:
  version "3.2.11"
  resolved "https://registry.yarnpkg.com/fast-glob/-/fast-glob-3.2.11.tgz#a1172ad95ceb8a16e20caa5c5e56480e5129c1d9"
  integrity sha512-xrO3+1bxSo3ZVHAnqzyuewYT6aMFHRAd4Kcs92MAonjwQZLsK9d0SF1IyQ3k5PoirxTW0Oe/RqFgMQ6TcNE5Ew==
  dependencies:
    "@nodelib/fs.stat" "^2.0.2"
    "@nodelib/fs.walk" "^1.2.3"
    glob-parent "^5.1.2"
    merge2 "^1.3.0"
    micromatch "^4.0.4"

fastq@^1.6.0:
  version "1.13.0"
  resolved "https://registry.yarnpkg.com/fastq/-/fastq-1.13.0.tgz#616760f88a7526bdfc596b7cab8c18938c36b98c"
  integrity sha512-YpkpUnK8od0o1hmeSc7UUs/eB/vIPWJYjKck2QKIzAf71Vm1AAQ3EbuZB3g2JIy+pg+ERD0vqI79KyZiB2e2Nw==
  dependencies:
    reusify "^1.0.4"

fill-range@^7.0.1:
  version "7.0.1"
  resolved "https://registry.yarnpkg.com/fill-range/-/fill-range-7.0.1.tgz#1919a6a7c75fe38b2c7c77e5198535da9acdda40"
  integrity sha512-qOo9F+dMUmC2Lcb4BbVvnKJxTPjCm+RRpe4gDuGrzkL7mEVl/djYSu2OdQ2Pa302N4oqkSg9ir6jaLWJ2USVpQ==
  dependencies:
    to-regex-range "^5.0.1"

glob-parent@^5.1.2:
  version "5.1.2"
  resolved "https://registry.yarnpkg.com/glob-parent/-/glob-parent-5.1.2.tgz#869832c58034fe68a4093c17dc15e8340d8401c4"
  integrity sha512-AOIgSQCepiJYwP3ARnGx+5VnTu2HBYdzbGP45eLw1vr3zB3vZLeyed1sC9hnbcOc9/SrMyM5RPQrkGz4aS9Zow==
  dependencies:
    is-glob "^4.0.1"

is-extglob@^2.1.1:
  version "2.1.1"
  resolved "https://registry.yarnpkg.com/is-extglob/-/is-extglob-2.1.1.tgz#a88c02535791f02ed37c76a1b9ea9773c833f8c2"
  integrity sha1-qIwCU1eR8C7TfHahueqXc8gz+MI=

is-glob@^4.0.1:
  version "4.0.3"
  resolved "https://registry.yarnpkg.com/is-glob/-/is-glob-4.0.3.tgz#64f61e42cbbb2eec2071a9dac0b28ba1e65d5084"
  integrity sha512-xelSayHH36ZgE7ZWhli7pW34hNbNl8Ojv5KVmkJD4hBdD3th8Tfk9vYasLM+mXWOZhFkgZfxhLSnrwRr4elSSg==
  dependencies:
    is-extglob "^2.1.1"

is-number@^7.0.0:
  version "7.0.0"
  resolved "https://registry.yarnpkg.com/is-number/-/is-number-7.0.0.tgz#7535345b896734d5f80c4d06c50955527a14f12b"
  integrity sha512-41Cifkg6e8TylSpdtTpeLVMqvSBEVzTttHvERD741+pnZ8ANv0004MRL43QKPDlK9cGvNp6NZWZUBlbGXYxxng==

merge2@^1.3.0:
  version "1.4.1"
  resolved "https://registry.yarnpkg.com/merge2/-/merge2-1.4.1.tgz#4368892f885e907455a6fd7dc55c0c9d404990ae"
  integrity sha512-8q7VEgMJW4J8tcfVPy8g09NcQwZdbwFEqhe/WZkoIzjn/3TGDwtOCYtXGxA3O8tPzpczCCDgv+P2P5y00ZJOOg==

micromatch@^4.0.4:
  version "4.0.5"
  resolved "https://registry.yarnpkg.com/micromatch/-/micromatch-4.0.5.tgz#bc8999a7cbbf77cdc89f132f6e467051b49090c6"
  integrity sha512-DMy+ERcEW2q8Z2Po+WNXuw3c5YaUSFjAO5GsJqfEl7UjvtIuFKO6ZrKvcItdy98dwFI2N1tg3zNIdKaQT+aNdA==
  dependencies:
    braces "^3.0.2"
    picomatch "^2.3.1"

picomatch@^2.3.1:
  version "2.3.1"
  resolved "https://registry.yarnpkg.com/picomatch/-/picomatch-2.3.1.tgz#3ba3833733646d9d3e4995946c1365a67fb07a42"
  integrity sha512-JU3teHTNjmE2VCGFzuY8EXzCDVwEqB2a8fsIvwaStHhAWJEeVd1o1QD80CU6+ZdEXXSLbSsuLwJjkCBWqRQUVA==

queue-microtask@^1.2.2:
  version "1.2.3"
  resolved "https://registry.yarnpkg.com/queue-microtask/-/queue-microtask-1.2.3.tgz#4929228bbc724dfac43e0efb058caf7b6cfb6243"
  integrity sha512-NuaNSa6flKT5JaSYQzJok04JzTL1CA6aGhv5rfLW3PgqA+M2ChpZQnAC8h8i4ZFkBS8X5RqkDBHA7r4hej3K9A==

reusify@^1.0.4:
  version "1.0.4"
  resolved "https://registry.yarnpkg.com/reusify/-/reusify-1.0.4.tgz#90da382b1e126efc02146e90845a88db12925d76"
  integrity sha512-U9nH88a3fc/ekCF1l0/UP1IosiuIjyTh7hBvXVMHYgVcfGvt897Xguj2UOLDeI5BG2m7/uwyaLVT6fbtCwTyzw==

run-parallel@^1.1.9:
  version "1.2.0"
  resolved "https://registry.yarnpkg.com/run-parallel/-/run-parallel-1.2.0.tgz#66d1368da7bdf921eb9d95bd1a9229e7f21a43ee"
  integrity sha512-5l4VyZR86LZ/lDxZTR6jqL8AFE2S0IFLMP26AbjsLVADxHdhB/c0GUsH+y39UfCi3dzz8OlQuPmnaJOMoDHQBA==
  dependencies:
    queue-microtask "^1.2.2"

slash@3.0.0:
  version "3.0.0"
  resolved "https://registry.yarnpkg.com/slash/-/slash-3.0.0.tgz#6539be870c165adbd5240220dbe361f1bc4d4634"
  integrity sha512-g9Q1haeby36OSStwb4ntCGGGaKsaVSjQ68fBxoQcutl5fS1vuY18H3wSt3jFyFtrkx+Kz0V1G85A4MyAdDMi2Q==

source-map@^0.7.3:
  version "0.7.3"
  resolved "https://registry.yarnpkg.com/source-map/-/source-map-0.7.3.tgz#5302f8169031735226544092e64981f751750383"
  integrity sha512-CkCj6giN3S+n9qrYiBTX5gystlENnRW5jZeNLHpe6aue+SrHcG5VYwujhW9s4dY31mEGsxBDrHR6oI69fTXsaQ==

to-regex-range@^5.0.1:
  version "5.0.1"
  resolved "https://registry.yarnpkg.com/to-regex-range/-/to-regex-range-5.0.1.tgz#1648c44aae7c8d988a326018ed72f5b4dd0392e4"
  integrity sha512-65P7iz6X5yEr1cwcgvQxbbIw7Uk3gOy5dIdtZ4rDveLqhrdJP+Li/Hx6tyK0NEb+2GCyneCMJiGqrADCSNk8sQ==
  dependencies:
    is-number "^7.0.0"
